
Microsoft Visual Studio Solution File, Format Version 12.00
# Visual Studio Version 16
VisualStudioVersion = 16.0.30804.86
MinimumVisualStudioVersion = 10.0.40219.1
Project("{FAE04EC0-301F-11D3-BF4B-00C04F79EFBC}") = "FibonacciRecursiva", "FibonacciRecursiva\FibonacciRecursiva.csproj", "{569762C9-EE6A-4F09-AEA6-DB7E3C4156D1}"
EndProject
Global
	GlobalSection(SolutionConfigurationPlatforms) = preSolution
		Debug|Any CPU = Debug|Any CPU
		Release|Any CPU = Release|Any CPU
	EndGlobalSection
	GlobalSection(ProjectConfigurationPlatforms) = postSolution
		{569762C9-EE6A-4F09-AEA6-DB7E3C4156D1}.Debug|Any CPU.ActiveCfg = Debug|Any CPU
		{569762C9-EE6A-4F09-AEA6-DB7E3C4156D1}.Debug|Any CPU.Build.0 = Debug|Any CPU
		{569762C9-EE6A-4F09-AEA6-DB7E3C4156D1}.Release|Any CPU.ActiveCfg = Release|Any CPU
		{569762C9-EE6A-4F09-AEA6-DB7E3C4156D1}.Release|Any CPU.Build.0 = Release|Any CPU
	EndGlobalSection
	GlobalSection(SolutionProperties) = preSolution
		HideSolutionNode = FALSE
	EndGlobalSection
	GlobalSection(ExtensibilityGlobals) = postSolution
		SolutionGuid = {09AFD8F0-CC8A-465A-92EF-47D73F1A8E8C}
	EndGlobalSection
EndGlobal
